
Microsoft Visual Studio Solution File, Format Version 12.00
# Visual Studio Version 17
VisualStudioVersion = 17.6.33829.357
MinimumVisualStudioVersion = 10.0.40219.1
Project("{9A19103F-16F7-4668-BE54-9A1E7A4F7556}") = "WebService.Tests", "WebService.Tests\WebService.Tests.csproj", "{62EBA355-3A52-4A7A-BD4B-3498ABAC068C}"
EndProject
Project("{9A19103F-16F7-4668-BE54-9A1E7A4F7556}") = "WebService", "WebService\WebService.csproj", "{2C4C391B-27C2-4D3C-9619-B4413A9E6F86}"
EndProject
Project("{2150E333-8FDC-42A3-9474-1A3956D46DE8}") = "Solution Items", "Solution Items", "{8C3AF335-FA8D-464F-946A-AFF1BD2CD0E6}"
EndProject
Global
	GlobalSection(SolutionConfigurationPlatforms) = preSolution
		Debug|Any CPU = Debug|Any CPU
		Release|Any CPU = Release|Any CPU
	EndGlobalSection
	GlobalSection(ProjectConfigurationPlatforms) = postSolution
		{62EBA355-3A52-4A7A-BD4B-3498ABAC068C}.Debug|Any CPU.ActiveCfg = Debug|Any CPU
		{62EBA355-3A52-4A7A-BD4B-3498ABAC068C}.Debug|Any CPU.Build.0 = Debug|Any CPU
		{62EBA355-3A52-4A7A-BD4B-3498ABAC068C}.Release|Any CPU.ActiveCfg = Release|Any CPU
		{62EBA355-3A52-4A7A-BD4B-3498ABAC068C}.Release|Any CPU.Build.0 = Release|Any CPU
		{2C4C391B-27C2-4D3C-9619-B4413A9E6F86}.Debug|Any CPU.ActiveCfg = Debug|Any CPU
		{2C4C391B-27C2-4D3C-9619-B4413A9E6F86}.Debug|Any CPU.Build.0 = Debug|Any CPU
		{2C4C391B-27C2-4D3C-9619-B4413A9E6F86}.Release|Any CPU.ActiveCfg = Release|Any CPU
		{2C4C391B-27C2-4D3C-9619-B4413A9E6F86}.Release|Any CPU.Build.0 = Release|Any CPU
	EndGlobalSection
	GlobalSection(SolutionProperties) = preSolution
		HideSolutionNode = FALSE
	EndGlobalSection
	GlobalSection(ExtensibilityGlobals) = postSolution
		SolutionGuid = {D85052D6-EE3B-480D-908C-984BB32A341C}
	EndGlobalSection
EndGlobal
